
Microsoft Visual Studio Solution File, Format Version 12.00
# Visual Studio Version 16
VisualStudioVersion = 16.0.29201.188
MinimumVisualStudioVersion = 10.0.40219.1
Project("{9A19103F-16F7-4668-BE54-9A1E7A4F7556}") = "DebugTest", "DebugTest\DebugTest.csproj", "{8716E007-BB76-431F-8E01-38CD91AFBB75}"
EndProject
Project("{9A19103F-16F7-4668-BE54-9A1E7A4F7556}") = "App01Variabler", "App01Variabler\App01Variabler.csproj", "{CBE2CFC5-B415-4112-9D0E-4CBDBB4DA8F0}"
EndProject
Project("{9A19103F-16F7-4668-BE54-9A1E7A4F7556}") = "App02Regnemaskine", "App02Regnemaskine\App02Regnemaskine.csproj", "{C9F3FCB9-4B8A-4826-9F80-6A90DC839B85}"
EndProject
Project("{9A19103F-16F7-4668-BE54-9A1E7A4F7556}") = "App03DateTime", "App03DateTime\App03DateTime.csproj", "{14BE0132-603A-4D62-8367-108E1D781850}"
EndProject
Project("{9A19103F-16F7-4668-BE54-9A1E7A4F7556}") = "App04Strings", "App04Strings\App04Strings.csproj", "{913C1C06-11C7-41F6-871A-15501F0CA392}"
EndProject
Project("{9A19103F-16F7-4668-BE54-9A1E7A4F7556}") = "App05Enum", "App05Enum\App05Enum.csproj", "{7E3008FF-9168-44D2-82D8-F7A1DCE40DB4}"
EndProject
Project("{9A19103F-16F7-4668-BE54-9A1E7A4F7556}") = "App06ForIf", "App06ForIf\App06ForIf.csproj", "{EC25CD55-3096-4910-8EB2-2A57F38B3F0C}"
EndProject
Project("{9A19103F-16F7-4668-BE54-9A1E7A4F7556}") = "App07BreakCont", "App07BreakCont\App07BreakCont.csproj", "{72A92143-BF6B-4220-AD08-46CE1FA30359}"
EndProject
Project("{9A19103F-16F7-4668-BE54-9A1E7A4F7556}") = "App08Exceptions", "App08Exceptions\App08Exceptions.csproj", "{E8AE3CF6-6226-46F3-9CA0-B7D10FD0910D}"
EndProject
Project("{9A19103F-16F7-4668-BE54-9A1E7A4F7556}") = "App09Metode", "App09Metode\App09Metode.csproj", "{3DDC951F-535A-4622-A230-C41B47ED29FB}"
EndProject
Project("{9A19103F-16F7-4668-BE54-9A1E7A4F7556}") = "App10Arrays", "App10Arrays\App10Arrays.csproj", "{AB487A87-05A7-453E-BA20-BF0B8BFAC949}"
EndProject
Project("{9A19103F-16F7-4668-BE54-9A1E7A4F7556}") = "App11Lister", "App11Lister\App11Lister.csproj", "{2CB71B49-CD85-4C4D-A3CC-3C685DB43AD6}"
EndProject
Project("{9A19103F-16F7-4668-BE54-9A1E7A4F7556}") = "App12Klasser", "App12Klasser\App12Klasser.csproj", "{0843B4C5-A104-4EE7-A3E6-933EC074D76E}"
EndProject
Project("{9A19103F-16F7-4668-BE54-9A1E7A4F7556}") = "App13Terning", "App13Terning\App13Terning.csproj", "{FD6D6335-3B77-4317-B00C-7848B908CB29}"
EndProject
Project("{FAE04EC0-301F-11D3-BF4B-00C04F79EFBC}") = "App14Hukommelse", "App14Hukommelse\App14Hukommelse.csproj", "{2D625A01-FFEA-47AE-BA3E-6C1E2F5BAAC4}"
EndProject
Project("{FAE04EC0-301F-11D3-BF4B-00C04F79EFBC}") = "App15Konto", "App15Konto\App15Konto.csproj", "{FCB35411-8576-4C22-9248-797C76459081}"
EndProject
Project("{FAE04EC0-301F-11D3-BF4B-00C04F79EFBC}") = "App16EgenskabDemo", "App16EgenskabDemo\App16EgenskabDemo.csproj", "{7B266DDD-C4A8-499A-9F90-AAA6B5C2C604}"
EndProject
Project("{FAE04EC0-301F-11D3-BF4B-00C04F79EFBC}") = "App17FuldEgenskab", "App17FuldEgenskab\App17FuldEgenskab.csproj", "{BCEF286E-D840-4395-8C0A-5940331E027E}"
EndProject
Project("{FAE04EC0-301F-11D3-BF4B-00C04F79EFBC}") = "App18AutoEgenskab", "App18FuldEgenskab\App18AutoEgenskab.csproj", "{23D2FB95-0A54-4ABA-80ED-15B403721F86}"
EndProject
Project("{FAE04EC0-301F-11D3-BF4B-00C04F79EFBC}") = "App19Udvid", "App19Udvid\App19Udvid.csproj", "{41AECEC9-6181-4955-A085-9403B913B6E6}"
EndProject
Global
	GlobalSection(SolutionConfigurationPlatforms) = preSolution
		Debug|Any CPU = Debug|Any CPU
		Release|Any CPU = Release|Any CPU
	EndGlobalSection
	GlobalSection(ProjectConfigurationPlatforms) = postSolution
		{8716E007-BB76-431F-8E01-38CD91AFBB75}.Debug|Any CPU.ActiveCfg = Debug|Any CPU
		{8716E007-BB76-431F-8E01-38CD91AFBB75}.Debug|Any CPU.Build.0 = Debug|Any CPU
		{8716E007-BB76-431F-8E01-38CD91AFBB75}.Release|Any CPU.ActiveCfg = Release|Any CPU
		{8716E007-BB76-431F-8E01-38CD91AFBB75}.Release|Any CPU.Build.0 = Release|Any CPU
		{CBE2CFC5-B415-4112-9D0E-4CBDBB4DA8F0}.Debug|Any CPU.ActiveCfg = Debug|Any CPU
		{CBE2CFC5-B415-4112-9D0E-4CBDBB4DA8F0}.Debug|Any CPU.Build.0 = Debug|Any CPU
		{CBE2CFC5-B415-4112-9D0E-4CBDBB4DA8F0}.Release|Any CPU.ActiveCfg = Release|Any CPU
		{CBE2CFC5-B415-4112-9D0E-4CBDBB4DA8F0}.Release|Any CPU.Build.0 = Release|Any CPU
		{C9F3FCB9-4B8A-4826-9F80-6A90DC839B85}.Debug|Any CPU.ActiveCfg = Debug|Any CPU
		{C9F3FCB9-4B8A-4826-9F80-6A90DC839B85}.Debug|Any CPU.Build.0 = Debug|Any CPU
		{C9F3FCB9-4B8A-4826-9F80-6A90DC839B85}.Release|Any CPU.ActiveCfg = Release|Any CPU
		{C9F3FCB9-4B8A-4826-9F80-6A90DC839B85}.Release|Any CPU.Build.0 = Release|Any CPU
		{14BE0132-603A-4D62-8367-108E1D781850}.Debug|Any CPU.ActiveCfg = Debug|Any CPU
		{14BE0132-603A-4D62-8367-108E1D781850}.Debug|Any CPU.Build.0 = Debug|Any CPU
		{14BE0132-603A-4D62-8367-108E1D781850}.Release|Any CPU.ActiveCfg = Release|Any CPU
		{14BE0132-603A-4D62-8367-108E1D781850}.Release|Any CPU.Build.0 = Release|Any CPU
		{913C1C06-11C7-41F6-871A-15501F0CA392}.Debug|Any CPU.ActiveCfg = Debug|Any CPU
		{913C1C06-11C7-41F6-871A-15501F0CA392}.Debug|Any CPU.Build.0 = Debug|Any CPU
		{913C1C06-11C7-41F6-871A-15501F0CA392}.Release|Any CPU.ActiveCfg = Release|Any CPU
		{913C1C06-11C7-41F6-871A-15501F0CA392}.Release|Any CPU.Build.0 = Release|Any CPU
		{7E3008FF-9168-44D2-82D8-F7A1DCE40DB4}.Debug|Any CPU.ActiveCfg = Debug|Any CPU
		{7E3008FF-9168-44D2-82D8-F7A1DCE40DB4}.Debug|Any CPU.Build.0 = Debug|Any CPU
		{7E3008FF-9168-44D2-82D8-F7A1DCE40DB4}.Release|Any CPU.ActiveCfg = Release|Any CPU
		{7E3008FF-9168-44D2-82D8-F7A1DCE40DB4}.Release|Any CPU.Build.0 = Release|Any CPU
		{EC25CD55-3096-4910-8EB2-2A57F38B3F0C}.Debug|Any CPU.ActiveCfg = Debug|Any CPU
		{EC25CD55-3096-4910-8EB2-2A57F38B3F0C}.Debug|Any CPU.Build.0 = Debug|Any CPU
		{EC25CD55-3096-4910-8EB2-2A57F38B3F0C}.Release|Any CPU.ActiveCfg = Release|Any CPU
		{EC25CD55-3096-4910-8EB2-2A57F38B3F0C}.Release|Any CPU.Build.0 = Release|Any CPU
		{72A92143-BF6B-4220-AD08-46CE1FA30359}.Debug|Any CPU.ActiveCfg = Debug|Any CPU
		{72A92143-BF6B-4220-AD08-46CE1FA30359}.Debug|Any CPU.Build.0 = Debug|Any CPU
		{72A92143-BF6B-4220-AD08-46CE1FA30359}.Release|Any CPU.ActiveCfg = Release|Any CPU
		{72A92143-BF6B-4220-AD08-46CE1FA30359}.Release|Any CPU.Build.0 = Release|Any CPU
		{E8AE3CF6-6226-46F3-9CA0-B7D10FD0910D}.Debug|Any CPU.ActiveCfg = Debug|Any CPU
		{E8AE3CF6-6226-46F3-9CA0-B7D10FD0910D}.Debug|Any CPU.Build.0 = Debug|Any CPU
		{E8AE3CF6-6226-46F3-9CA0-B7D10FD0910D}.Release|Any CPU.ActiveCfg = Release|Any CPU
		{E8AE3CF6-6226-46F3-9CA0-B7D10FD0910D}.Release|Any CPU.Build.0 = Release|Any CPU
		{3DDC951F-535A-4622-A230-C41B47ED29FB}.Debug|Any CPU.ActiveCfg = Debug|Any CPU
		{3DDC951F-535A-4622-A230-C41B47ED29FB}.Debug|Any CPU.Build.0 = Debug|Any CPU
		{3DDC951F-535A-4622-A230-C41B47ED29FB}.Release|Any CPU.ActiveCfg = Release|Any CPU
		{3DDC951F-535A-4622-A230-C41B47ED29FB}.Release|Any CPU.Build.0 = Release|Any CPU
		{AB487A87-05A7-453E-BA20-BF0B8BFAC949}.Debug|Any CPU.ActiveCfg = Debug|Any CPU
		{AB487A87-05A7-453E-BA20-BF0B8BFAC949}.Debug|Any CPU.Build.0 = Debug|Any CPU
		{AB487A87-05A7-453E-BA20-BF0B8BFAC949}.Release|Any CPU.ActiveCfg = Release|Any CPU
		{AB487A87-05A7-453E-BA20-BF0B8BFAC949}.Release|Any CPU.Build.0 = Release|Any CPU
		{2CB71B49-CD85-4C4D-A3CC-3C685DB43AD6}.Debug|Any CPU.ActiveCfg = Debug|Any CPU
		{2CB71B49-CD85-4C4D-A3CC-3C685DB43AD6}.Debug|Any CPU.Build.0 = Debug|Any CPU
		{2CB71B49-CD85-4C4D-A3CC-3C685DB43AD6}.Release|Any CPU.ActiveCfg = Release|Any CPU
		{2CB71B49-CD85-4C4D-A3CC-3C685DB43AD6}.Release|Any CPU.Build.0 = Release|Any CPU
		{0843B4C5-A104-4EE7-A3E6-933EC074D76E}.Debug|Any CPU.ActiveCfg = Debug|Any CPU
		{0843B4C5-A104-4EE7-A3E6-933EC074D76E}.Debug|Any CPU.Build.0 = Debug|Any CPU
		{0843B4C5-A104-4EE7-A3E6-933EC074D76E}.Release|Any CPU.ActiveCfg = Release|Any CPU
		{0843B4C5-A104-4EE7-A3E6-933EC074D76E}.Release|Any CPU.Build.0 = Release|Any CPU
		{FD6D6335-3B77-4317-B00C-7848B908CB29}.Debug|Any CPU.ActiveCfg = Debug|Any CPU
		{FD6D6335-3B77-4317-B00C-7848B908CB29}.Debug|Any CPU.Build.0 = Debug|Any CPU
		{FD6D6335-3B77-4317-B00C-7848B908CB29}.Release|Any CPU.ActiveCfg = Release|Any CPU
		{FD6D6335-3B77-4317-B00C-7848B908CB29}.Release|Any CPU.Build.0 = Release|Any CPU
		{2D625A01-FFEA-47AE-BA3E-6C1E2F5BAAC4}.Debug|Any CPU.ActiveCfg = Debug|Any CPU
		{2D625A01-FFEA-47AE-BA3E-6C1E2F5BAAC4}.Debug|Any CPU.Build.0 = Debug|Any CPU
		{2D625A01-FFEA-47AE-BA3E-6C1E2F5BAAC4}.Release|Any CPU.ActiveCfg = Release|Any CPU
		{2D625A01-FFEA-47AE-BA3E-6C1E2F5BAAC4}.Release|Any CPU.Build.0 = Release|Any CPU
		{FCB35411-8576-4C22-9248-797C76459081}.Debug|Any CPU.ActiveCfg = Debug|Any CPU
		{FCB35411-8576-4C22-9248-797C76459081}.Debug|Any CPU.Build.0 = Debug|Any CPU
		{FCB35411-8576-4C22-9248-797C76459081}.Release|Any CPU.ActiveCfg = Release|Any CPU
		{FCB35411-8576-4C22-9248-797C76459081}.Release|Any CPU.Build.0 = Release|Any CPU
		{7B266DDD-C4A8-499A-9F90-AAA6B5C2C604}.Debug|Any CPU.ActiveCfg = Debug|Any CPU
		{7B266DDD-C4A8-499A-9F90-AAA6B5C2C604}.Debug|Any CPU.Build.0 = Debug|Any CPU
		{7B266DDD-C4A8-499A-9F90-AAA6B5C2C604}.Release|Any CPU.ActiveCfg = Release|Any CPU
		{7B266DDD-C4A8-499A-9F90-AAA6B5C2C604}.Release|Any CPU.Build.0 = Release|Any CPU
		{BCEF286E-D840-4395-8C0A-5940331E027E}.Debug|Any CPU.ActiveCfg = Debug|Any CPU
		{BCEF286E-D840-4395-8C0A-5940331E027E}.Debug|Any CPU.Build.0 = Debug|Any CPU
		{BCEF286E-D840-4395-8C0A-5940331E027E}.Release|Any CPU.ActiveCfg = Release|Any CPU
		{BCEF286E-D840-4395-8C0A-5940331E027E}.Release|Any CPU.Build.0 = Release|Any CPU
		{23D2FB95-0A54-4ABA-80ED-15B403721F86}.Debug|Any CPU.ActiveCfg = Debug|Any CPU
		{23D2FB95-0A54-4ABA-80ED-15B403721F86}.Debug|Any CPU.Build.0 = Debug|Any CPU
		{23D2FB95-0A54-4ABA-80ED-15B403721F86}.Release|Any CPU.ActiveCfg = Release|Any CPU
		{23D2FB95-0A54-4ABA-80ED-15B403721F86}.Release|Any CPU.Build.0 = Release|Any CPU
		{41AECEC9-6181-4955-A085-9403B913B6E6}.Debug|Any CPU.ActiveCfg = Debug|Any CPU
		{41AECEC9-6181-4955-A085-9403B913B6E6}.Debug|Any CPU.Build.0 = Debug|Any CPU
		{41AECEC9-6181-4955-A085-9403B913B6E6}.Release|Any CPU.ActiveCfg = Release|Any CPU
		{41AECEC9-6181-4955-A085-9403B913B6E6}.Release|Any CPU.Build.0 = Release|Any CPU
	EndGlobalSection
	GlobalSection(SolutionProperties) = preSolution
		HideSolutionNode = FALSE
	EndGlobalSection
	GlobalSection(ExtensibilityGlobals) = postSolution
		SolutionGuid = {55C4C723-44D7-4E8A-B74E-EFA0A5AE5BC8}
	EndGlobalSection
EndGlobal
